
Microsoft Visual Studio Solution File, Format Version 12.00
# Visual Studio 15
VisualStudioVersion = 15.0.28307.572
MinimumVisualStudioVersion = 10.0.40219.1
Project("{FAE04EC0-301F-11D3-BF4B-00C04F79EFBC}") = "LINQ", "LINQ\LINQ.csproj", "{90808B77-DEB1-4847-86BF-91FD1EDFF07C}"
EndProject
Project("{2150E333-8FDC-42A3-9474-1A3956D46DE8}") = "PRIMERT", "PRIMERT", "{28CF024D-FD9B-4C0A-A2D2-645A3967DFD1}"
EndProject
Project("{2150E333-8FDC-42A3-9474-1A3956D46DE8}") = "SEGUNDOT", "SEGUNDOT", "{18B07792-D57D-42F7-8A7D-00A90CAF59B7}"
EndProject
Project("{FAE04EC0-301F-11D3-BF4B-00C04F79EFBC}") = "LINQ2DiferidoInmediato", "LINQ2DiferidoInmediato\LINQ2DiferidoInmediato.csproj", "{21D92203-4186-44AD-83F4-BDFFFDDC8D91}"
EndProject
Project("{2150E333-8FDC-42A3-9474-1A3956D46DE8}") = "TERCERT", "TERCERT", "{FE56AAB1-4BCF-433B-A5E4-0944B2D670D2}"
EndProject
Project("{FAE04EC0-301F-11D3-BF4B-00C04F79EFBC}") = "QueryEnMetodos", "QueryEnMetodos\QueryEnMetodos.csproj", "{9C662B8D-42CF-424E-8AB4-00E81A5F4F66}"
EndProject
Project("{2150E333-8FDC-42A3-9474-1A3956D46DE8}") = "CUARTOT", "CUARTOT", "{3BD4E37B-6170-4EF3-93AB-29DF0BD6E709}"
EndProject
Project("{FAE04EC0-301F-11D3-BF4B-00C04F79EFBC}") = "LinqQueryClases", "LinqQueryClases\LinqQueryClases.csproj", "{14E1D17F-879E-4396-BA5F-9E6CA6C64EED}"
EndProject
Project("{2150E333-8FDC-42A3-9474-1A3956D46DE8}") = "QUINTOT", "QUINTOT", "{4594FFEB-5D20-4E69-A43A-2147DF61FFE5}"
EndProject
Project("{FAE04EC0-301F-11D3-BF4B-00C04F79EFBC}") = "TipsArrayLINQ", "TipsArrayLINQ\TipsArrayLINQ.csproj", "{A18FB804-72C6-43D9-AB9E-8120BE764E5A}"
EndProject
Project("{2150E333-8FDC-42A3-9474-1A3956D46DE8}") = "REFLECTION", "REFLECTION", "{CE41BA08-DCBD-4CED-82DC-51C931E15972}"
EndProject
Project("{FAE04EC0-301F-11D3-BF4B-00C04F79EFBC}") = "Reflection", "Reflection\Reflection.csproj", "{49181BCE-DC8F-415B-93ED-E9AA51154746}"
EndProject
Global
	GlobalSection(SolutionConfigurationPlatforms) = preSolution
		Debug|Any CPU = Debug|Any CPU
		Release|Any CPU = Release|Any CPU
	EndGlobalSection
	GlobalSection(ProjectConfigurationPlatforms) = postSolution
		{90808B77-DEB1-4847-86BF-91FD1EDFF07C}.Debug|Any CPU.ActiveCfg = Debug|Any CPU
		{90808B77-DEB1-4847-86BF-91FD1EDFF07C}.Debug|Any CPU.Build.0 = Debug|Any CPU
		{90808B77-DEB1-4847-86BF-91FD1EDFF07C}.Release|Any CPU.ActiveCfg = Release|Any CPU
		{90808B77-DEB1-4847-86BF-91FD1EDFF07C}.Release|Any CPU.Build.0 = Release|Any CPU
		{21D92203-4186-44AD-83F4-BDFFFDDC8D91}.Debug|Any CPU.ActiveCfg = Debug|Any CPU
		{21D92203-4186-44AD-83F4-BDFFFDDC8D91}.Debug|Any CPU.Build.0 = Debug|Any CPU
		{21D92203-4186-44AD-83F4-BDFFFDDC8D91}.Release|Any CPU.ActiveCfg = Release|Any CPU
		{21D92203-4186-44AD-83F4-BDFFFDDC8D91}.Release|Any CPU.Build.0 = Release|Any CPU
		{9C662B8D-42CF-424E-8AB4-00E81A5F4F66}.Debug|Any CPU.ActiveCfg = Debug|Any CPU
		{9C662B8D-42CF-424E-8AB4-00E81A5F4F66}.Debug|Any CPU.Build.0 = Debug|Any CPU
		{9C662B8D-42CF-424E-8AB4-00E81A5F4F66}.Release|Any CPU.ActiveCfg = Release|Any CPU
		{9C662B8D-42CF-424E-8AB4-00E81A5F4F66}.Release|Any CPU.Build.0 = Release|Any CPU
		{14E1D17F-879E-4396-BA5F-9E6CA6C64EED}.Debug|Any CPU.ActiveCfg = Debug|Any CPU
		{14E1D17F-879E-4396-BA5F-9E6CA6C64EED}.Debug|Any CPU.Build.0 = Debug|Any CPU
		{14E1D17F-879E-4396-BA5F-9E6CA6C64EED}.Release|Any CPU.ActiveCfg = Release|Any CPU
		{14E1D17F-879E-4396-BA5F-9E6CA6C64EED}.Release|Any CPU.Build.0 = Release|Any CPU
		{A18FB804-72C6-43D9-AB9E-8120BE764E5A}.Debug|Any CPU.ActiveCfg = Debug|Any CPU
		{A18FB804-72C6-43D9-AB9E-8120BE764E5A}.Debug|Any CPU.Build.0 = Debug|Any CPU
		{A18FB804-72C6-43D9-AB9E-8120BE764E5A}.Release|Any CPU.ActiveCfg = Release|Any CPU
		{A18FB804-72C6-43D9-AB9E-8120BE764E5A}.Release|Any CPU.Build.0 = Release|Any CPU
		{49181BCE-DC8F-415B-93ED-E9AA51154746}.Debug|Any CPU.ActiveCfg = Debug|Any CPU
		{49181BCE-DC8F-415B-93ED-E9AA51154746}.Debug|Any CPU.Build.0 = Debug|Any CPU
		{49181BCE-DC8F-415B-93ED-E9AA51154746}.Release|Any CPU.ActiveCfg = Release|Any CPU
		{49181BCE-DC8F-415B-93ED-E9AA51154746}.Release|Any CPU.Build.0 = Release|Any CPU
	EndGlobalSection
	GlobalSection(SolutionProperties) = preSolution
		HideSolutionNode = FALSE
	EndGlobalSection
	GlobalSection(NestedProjects) = preSolution
		{90808B77-DEB1-4847-86BF-91FD1EDFF07C} = {28CF024D-FD9B-4C0A-A2D2-645A3967DFD1}
		{21D92203-4186-44AD-83F4-BDFFFDDC8D91} = {18B07792-D57D-42F7-8A7D-00A90CAF59B7}
		{9C662B8D-42CF-424E-8AB4-00E81A5F4F66} = {FE56AAB1-4BCF-433B-A5E4-0944B2D670D2}
		{14E1D17F-879E-4396-BA5F-9E6CA6C64EED} = {3BD4E37B-6170-4EF3-93AB-29DF0BD6E709}
		{A18FB804-72C6-43D9-AB9E-8120BE764E5A} = {4594FFEB-5D20-4E69-A43A-2147DF61FFE5}
		{49181BCE-DC8F-415B-93ED-E9AA51154746} = {CE41BA08-DCBD-4CED-82DC-51C931E15972}
	EndGlobalSection
	GlobalSection(ExtensibilityGlobals) = postSolution
		SolutionGuid = {C95056EF-A452-47C0-916C-B124E1C4718C}
	EndGlobalSection
EndGlobal
